{
  "name": "if3170_tubes1",
  "version": "1.0.0",
  "description": "if3170_tubes1",
  "main": "index.js",
  "scripts": {
    "setup": "npm install --save-dev parcel && npm install three",
    "start": "npx parcel src/index.html",
    "start-full": "npm run setup && npm start",
    "test": "echo \"Error: no test specified\" && exit 1"
  },
  "author": "",
  "license": "ISC"
}
